<?xml version="1.0" encoding="UTF-8" standalone="yes" ?>
<CodeBlocks_project_file>
	<FileVersion major="1" minor="6" />
	<Project>
		<Option title="Simulator_Platform" />
		<Option pch_mode="2" />
		<Option compiler="gcc" />
		<Option virtualFolders="RT-Thread\;User\;RT-Thread\board\;RT-Thread\components\;RT-Thread\include\;RT-Thread\kernel\;RT-Thread\libcpu\;RT-Thread\packages\;RT-Thread\include\libc\;RT-Thread\components\cplusplus\;RT-Thread\components\dfs\;RT-Thread\components\driver\;RT-Thread\components\finsh\;RT-Thread\components\net\;RT-Thread\components\net\lwip\;RT-Thread\components\utilities\;RT-Thread\components\driver\src\;RT-Thread\components\driver\serial\;RT-Thread\packages\netutils\;RT-Thread\packages\netutils\ping\;RT-Thread\packages\netutils\ntp\;RT-Thread\components\driver\rtc\;RT-Thread\components\net\lwip\;RT-Thread\components\net\lwip\src\core\;RT-Thread\components\net\lwip\src\core\ipv4\;RT-Thread\components\net\lwip\src\core\ipv6\;RT-Thread\components\net\lwip\src\arch\;RT-Thread\components\net\lwip\src\api\;RT-Thread\components\net\lwip\src\netif\;RT-Thread\components\driver\include\;RT-Thread\components\dfs\filesystems\;RT-Thread\components\dfs\include\;RT-Thread\components\dfs\src\;RT-Thread\components\dfs\filesystems\elmfat\;RT-Thread\components\driver\audio\;RT-Thread\packages\music\;RT-Thread\packages\music\wav\;" />
		<Build>
			<Target title="Debug">
				<Option output="bin/Debug/Simulator_Platform" prefix_auto="1" extension_auto="1" />
				<Option object_output="obj/Debug/" />
				<Option type="1" />
				<Option compiler="gcc" />
				<Compiler>
					<Add option="-g" />
					<Add directory="RT-Thread" />
					<Add directory="RT-Thread/board" />
					<Add directory="RT-Thread/include" />
					<Add directory="RT-Thread/components/dfs/include" />
					<Add directory="RT-Thread/components/drivers" />
					<Add directory="RT-Thread/components/drivers/include" />
					<Add directory="RT-Thread/components/finsh" />
					<Add directory="RT-Thread/components/net/lwip" />
					<Add directory="RT-Thread/components/net/lwip/src" />
					<Add directory="RT-Thread/components/net/lwip/src/arch/include" />
					<Add directory="RT-Thread/components/net/lwip/src/include" />
					<Add directory="RT-Thread/components/net/lwip/src/include/compat/posix" />
					<Add directory="RT-Thread/packages" />
					<Add directory="User" />
				</Compiler>
				<Linker>
					<Add option="-T RT-Thread\board\mingw.ld" />
					<Add library="D:/soft_install/app_soft/CodeBlocks/MinGW/lib/libwinmm.a" />
				</Linker>
			</Target>
			<Target title="Release">
				<Option output="bin/Release/Simulator_Platform" prefix_auto="1" extension_auto="1" />
				<Option object_output="obj/Release/" />
				<Option type="1" />
				<Option compiler="gcc" />
				<Compiler>
					<Add option="-O2" />
				</Compiler>
				<Linker>
					<Add option="-s" />
				</Linker>
			</Target>
		</Build>
		<Compiler>
			<Add option="-Wall" />
		</Compiler>
		<Unit filename="RT-Thread/board/audio_codec_win32.c">
			<Option compilerVar="CC" />
			<Option virtualFolder="RT-Thread/board/" />
		</Unit>
		<Unit filename="RT-Thread/board/board_init.c">
			<Option compilerVar="CC" />
			<Option virtualFolder="RT-Thread/board/" />
		</Unit>
		<Unit filename="RT-Thread/board/dfs_win32.c">
			<Option compilerVar="CC" />
			<Option virtualFolder="RT-Thread/board/" />
		</Unit>
		<Unit filename="RT-Thread/board/nanddrv_file.c">
			<Option compilerVar="CC" />
			<Option virtualFolder="RT-Thread/board/" />
		</Unit>
		<Unit filename="RT-Thread/board/rtconfig.h">
			<Option virtualFolder="RT-Thread/board/" />
		</Unit>
		<Unit filename="RT-Thread/board/sd_sim.c">
			<Option compilerVar="CC" />
			<Option virtualFolder="RT-Thread/board/" />
		</Unit>
		<Unit filename="RT-Thread/board/sst25vfxx_mtd.h">
			<Option virtualFolder="RT-Thread/board/" />
		</Unit>
		<Unit filename="RT-Thread/board/sst25vfxx_mtd_sim.c">
			<Option compilerVar="CC" />
			<Option virtualFolder="RT-Thread/board/" />
		</Unit>
		<Unit filename="RT-Thread/board/tap_netif.c">
			<Option compilerVar="CC" />
			<Option virtualFolder="RT-Thread/board/" />
		</Unit>
		<Unit filename="RT-Thread/board/uart_console.c">
			<Option compilerVar="CC" />
			<Option virtualFolder="RT-Thread/board/" />
		</Unit>
		<Unit filename="RT-Thread/board/uart_console.h">
			<Option virtualFolder="RT-Thread/board/" />
		</Unit>
		<Unit filename="RT-Thread/components/cplusplus/Lock.h">
			<Option virtualFolder="RT-Thread/components/cplusplus/" />
		</Unit>
		<Unit filename="RT-Thread/components/cplusplus/Mail.h">
			<Option virtualFolder="RT-Thread/components/cplusplus/" />
		</Unit>
		<Unit filename="RT-Thread/components/cplusplus/Mutex.cpp">
			<Option compile="0" />
			<Option link="0" />
			<Option virtualFolder="RT-Thread/components/cplusplus/" />
		</Unit>
		<Unit filename="RT-Thread/components/cplusplus/Mutex.h">
			<Option virtualFolder="RT-Thread/components/cplusplus/" />
		</Unit>
		<Unit filename="RT-Thread/components/cplusplus/Queue.h">
			<Option virtualFolder="RT-Thread/components/cplusplus/" />
		</Unit>
		<Unit filename="RT-Thread/components/cplusplus/Semaphore.cpp">
			<Option compile="0" />
			<Option link="0" />
			<Option virtualFolder="RT-Thread/components/cplusplus/" />
		</Unit>
		<Unit filename="RT-Thread/components/cplusplus/Semaphore.h">
			<Option virtualFolder="RT-Thread/components/cplusplus/" />
		</Unit>
		<Unit filename="RT-Thread/components/cplusplus/Thread.cpp">
			<Option compile="0" />
			<Option link="0" />
			<Option virtualFolder="RT-Thread/components/cplusplus/" />
		</Unit>
		<Unit filename="RT-Thread/components/cplusplus/Thread.h">
			<Option virtualFolder="RT-Thread/components/cplusplus/" />
		</Unit>
		<Unit filename="RT-Thread/components/cplusplus/crt.cpp">
			<Option compile="0" />
			<Option link="0" />
			<Option virtualFolder="RT-Thread/components/cplusplus/" />
		</Unit>
		<Unit filename="RT-Thread/components/cplusplus/crt.h">
			<Option virtualFolder="RT-Thread/components/cplusplus/" />
		</Unit>
		<Unit filename="RT-Thread/components/cplusplus/crt_init.c">
			<Option compilerVar="CC" />
			<Option compile="0" />
			<Option link="0" />
			<Option virtualFolder="RT-Thread/components/cplusplus/" />
		</Unit>
		<Unit filename="RT-Thread/components/dfs/filesystems/elmfat/dfs_elm.c">
			<Option compilerVar="CC" />
			<Option virtualFolder="RT-Thread/components/dfs/filesystems/elmfat/" />
		</Unit>
		<Unit filename="RT-Thread/components/dfs/filesystems/elmfat/diskio.h">
			<Option virtualFolder="RT-Thread/components/dfs/filesystems/elmfat/" />
		</Unit>
		<Unit filename="RT-Thread/components/dfs/filesystems/elmfat/ff.c">
			<Option compilerVar="CC" />
			<Option virtualFolder="RT-Thread/components/dfs/filesystems/elmfat/" />
		</Unit>
		<Unit filename="RT-Thread/components/dfs/filesystems/elmfat/ff.h">
			<Option virtualFolder="RT-Thread/components/dfs/filesystems/elmfat/" />
		</Unit>
		<Unit filename="RT-Thread/components/dfs/filesystems/elmfat/ffconf.h">
			<Option virtualFolder="RT-Thread/components/dfs/filesystems/elmfat/" />
		</Unit>
		<Unit filename="RT-Thread/components/dfs/filesystems/elmfat/ffunicode.c">
			<Option compilerVar="CC" />
			<Option virtualFolder="RT-Thread/components/dfs/filesystems/elmfat/" />
		</Unit>
		<Unit filename="RT-Thread/components/dfs/filesystems/elmfat/integer.h">
			<Option virtualFolder="RT-Thread/components/dfs/filesystems/elmfat/" />
		</Unit>
		<Unit filename="RT-Thread/components/dfs/include/dfs.h">
			<Option virtualFolder="RT-Thread/components/dfs/include/" />
		</Unit>
		<Unit filename="RT-Thread/components/dfs/include/dfs_file.h">
			<Option virtualFolder="RT-Thread/components/dfs/include/" />
		</Unit>
		<Unit filename="RT-Thread/components/dfs/include/dfs_fs.h">
			<Option virtualFolder="RT-Thread/components/dfs/include/" />
		</Unit>
		<Unit filename="RT-Thread/components/dfs/include/dfs_poll.h">
			<Option virtualFolder="RT-Thread/components/dfs/include/" />
		</Unit>
		<Unit filename="RT-Thread/components/dfs/include/dfs_posix.h">
			<Option virtualFolder="RT-Thread/components/dfs/include/" />
		</Unit>
		<Unit filename="RT-Thread/components/dfs/include/dfs_private.h">
			<Option virtualFolder="RT-Thread/components/dfs/include/" />
		</Unit>
		<Unit filename="RT-Thread/components/dfs/include/dfs_select.h">
			<Option virtualFolder="RT-Thread/components/dfs/include/" />
		</Unit>
		<Unit filename="RT-Thread/components/dfs/src/dfs.c">
			<Option compilerVar="CC" />
			<Option virtualFolder="RT-Thread/components/dfs/src/" />
		</Unit>
		<Unit filename="RT-Thread/components/dfs/src/dfs_file.c">
			<Option compilerVar="CC" />
			<Option virtualFolder="RT-Thread/components/dfs/src/" />
		</Unit>
		<Unit filename="RT-Thread/components/dfs/src/dfs_fs.c">
			<Option compilerVar="CC" />
			<Option virtualFolder="RT-Thread/components/dfs/src/" />
		</Unit>
		<Unit filename="RT-Thread/components/dfs/src/dfs_posix.c">
			<Option compilerVar="CC" />
			<Option virtualFolder="RT-Thread/components/dfs/src/" />
		</Unit>
		<Unit filename="RT-Thread/components/dfs/src/poll.c">
			<Option compilerVar="CC" />
			<Option virtualFolder="RT-Thread/components/dfs/src/" />
		</Unit>
		<Unit filename="RT-Thread/components/dfs/src/select.c">
			<Option compilerVar="CC" />
			<Option virtualFolder="RT-Thread/components/dfs/src/" />
		</Unit>
		<Unit filename="RT-Thread/components/drivers/audio/audio.c">
			<Option compilerVar="CC" />
			<Option virtualFolder="RT-Thread/components/driver/audio/" />
		</Unit>
		<Unit filename="RT-Thread/components/drivers/audio/audio_pipe.c">
			<Option compilerVar="CC" />
			<Option virtualFolder="RT-Thread/components/driver/audio/" />
		</Unit>
		<Unit filename="RT-Thread/components/drivers/audio/audio_pipe.h">
			<Option virtualFolder="RT-Thread/components/driver/audio/" />
		</Unit>
		<Unit filename="RT-Thread/components/drivers/include/rtdevice.h">
			<Option virtualFolder="RT-Thread/components/driver/include/" />
		</Unit>
		<Unit filename="RT-Thread/components/drivers/rtc/alarm.c">
			<Option compilerVar="CC" />
			<Option virtualFolder="RT-Thread/components/driver/rtc/" />
		</Unit>
		<Unit filename="RT-Thread/components/drivers/rtc/rtc.c">
			<Option compilerVar="CC" />
			<Option virtualFolder="RT-Thread/components/driver/rtc/" />
		</Unit>
		<Unit filename="RT-Thread/components/drivers/rtc/soft_rtc.c">
			<Option compilerVar="CC" />
			<Option virtualFolder="RT-Thread/components/driver/rtc/" />
		</Unit>
		<Unit filename="RT-Thread/components/drivers/serial/serial.c">
			<Option compilerVar="CC" />
			<Option virtualFolder="RT-Thread/components/driver/serial/" />
		</Unit>
		<Unit filename="RT-Thread/components/drivers/src/completion.c">
			<Option compilerVar="CC" />
			<Option virtualFolder="RT-Thread/components/driver/src/" />
		</Unit>
		<Unit filename="RT-Thread/components/drivers/src/dataqueue.c">
			<Option compilerVar="CC" />
			<Option virtualFolder="RT-Thread/components/driver/src/" />
		</Unit>
		<Unit filename="RT-Thread/components/drivers/src/pipe.c">
			<Option compilerVar="CC" />
			<Option virtualFolder="RT-Thread/components/driver/src/" />
		</Unit>
		<Unit filename="RT-Thread/components/drivers/src/ringbuffer.c">
			<Option compilerVar="CC" />
			<Option virtualFolder="RT-Thread/components/driver/src/" />
		</Unit>
		<Unit filename="RT-Thread/components/drivers/src/waitqueue.c">
			<Option compilerVar="CC" />
			<Option virtualFolder="RT-Thread/components/driver/src/" />
		</Unit>
		<Unit filename="RT-Thread/components/drivers/src/workqueue.c">
			<Option compilerVar="CC" />
			<Option virtualFolder="RT-Thread/components/driver/src/" />
		</Unit>
		<Unit filename="RT-Thread/components/finsh/cmd.c">
			<Option compilerVar="CC" />
			<Option virtualFolder="RT-Thread/components/finsh/" />
		</Unit>
		<Unit filename="RT-Thread/components/finsh/finsh.h">
			<Option virtualFolder="RT-Thread/components/finsh/" />
		</Unit>
		<Unit filename="RT-Thread/components/finsh/finsh_api.h">
			<Option virtualFolder="RT-Thread/components/finsh/" />
		</Unit>
		<Unit filename="RT-Thread/components/finsh/finsh_compiler.c">
			<Option compilerVar="CC" />
			<Option virtualFolder="RT-Thread/components/finsh/" />
		</Unit>
		<Unit filename="RT-Thread/components/finsh/finsh_error.c">
			<Option compilerVar="CC" />
			<Option virtualFolder="RT-Thread/components/finsh/" />
		</Unit>
		<Unit filename="RT-Thread/components/finsh/finsh_error.h">
			<Option virtualFolder="RT-Thread/components/finsh/" />
		</Unit>
		<Unit filename="RT-Thread/components/finsh/finsh_heap.c">
			<Option compilerVar="CC" />
			<Option virtualFolder="RT-Thread/components/finsh/" />
		</Unit>
		<Unit filename="RT-Thread/components/finsh/finsh_heap.h">
			<Option virtualFolder="RT-Thread/components/finsh/" />
		</Unit>
		<Unit filename="RT-Thread/components/finsh/finsh_init.c">
			<Option compilerVar="CC" />
			<Option virtualFolder="RT-Thread/components/finsh/" />
		</Unit>
		<Unit filename="RT-Thread/components/finsh/finsh_node.c">
			<Option compilerVar="CC" />
			<Option virtualFolder="RT-Thread/components/finsh/" />
		</Unit>
		<Unit filename="RT-Thread/components/finsh/finsh_node.h">
			<Option virtualFolder="RT-Thread/components/finsh/" />
		</Unit>
		<Unit filename="RT-Thread/components/finsh/finsh_ops.c">
			<Option compilerVar="CC" />
			<Option virtualFolder="RT-Thread/components/finsh/" />
		</Unit>
		<Unit filename="RT-Thread/components/finsh/finsh_ops.h">
			<Option virtualFolder="RT-Thread/components/finsh/" />
		</Unit>
		<Unit filename="RT-Thread/components/finsh/finsh_parser.c">
			<Option compilerVar="CC" />
			<Option virtualFolder="RT-Thread/components/finsh/" />
		</Unit>
		<Unit filename="RT-Thread/components/finsh/finsh_parser.h">
			<Option virtualFolder="RT-Thread/components/finsh/" />
		</Unit>
		<Unit filename="RT-Thread/components/finsh/finsh_token.c">
			<Option compilerVar="CC" />
			<Option virtualFolder="RT-Thread/components/finsh/" />
		</Unit>
		<Unit filename="RT-Thread/components/finsh/finsh_token.h">
			<Option virtualFolder="RT-Thread/components/finsh/" />
		</Unit>
		<Unit filename="RT-Thread/components/finsh/finsh_var.c">
			<Option compilerVar="CC" />
			<Option virtualFolder="RT-Thread/components/finsh/" />
		</Unit>
		<Unit filename="RT-Thread/components/finsh/finsh_var.h">
			<Option virtualFolder="RT-Thread/components/finsh/" />
		</Unit>
		<Unit filename="RT-Thread/components/finsh/finsh_vm.c">
			<Option compilerVar="CC" />
			<Option virtualFolder="RT-Thread/components/finsh/" />
		</Unit>
		<Unit filename="RT-Thread/components/finsh/finsh_vm.h">
			<Option virtualFolder="RT-Thread/components/finsh/" />
		</Unit>
		<Unit filename="RT-Thread/components/finsh/msh.c">
			<Option compilerVar="CC" />
			<Option virtualFolder="RT-Thread/components/finsh/" />
		</Unit>
		<Unit filename="RT-Thread/components/finsh/msh.h">
			<Option virtualFolder="RT-Thread/components/finsh/" />
		</Unit>
		<Unit filename="RT-Thread/components/finsh/msh_cmd.c">
			<Option compilerVar="CC" />
			<Option virtualFolder="RT-Thread/components/finsh/" />
		</Unit>
		<Unit filename="RT-Thread/components/finsh/msh_file.c">
			<Option compilerVar="CC" />
			<Option virtualFolder="RT-Thread/components/finsh/" />
		</Unit>
		<Unit filename="RT-Thread/components/finsh/shell.c">
			<Option compilerVar="CC" />
			<Option virtualFolder="RT-Thread/components/finsh/" />
		</Unit>
		<Unit filename="RT-Thread/components/finsh/shell.h">
			<Option virtualFolder="RT-Thread/components/finsh/" />
		</Unit>
		<Unit filename="RT-Thread/components/finsh/symbol.c">
			<Option compilerVar="CC" />
			<Option virtualFolder="RT-Thread/components/finsh/" />
		</Unit>
		<Unit filename="RT-Thread/components/net/lwip/lwip_ethernet.c">
			<Option compilerVar="CC" />
			<Option virtualFolder="RT-Thread/components/net/lwip/" />
		</Unit>
		<Unit filename="RT-Thread/components/net/lwip/lwip_ethernet.h">
			<Option virtualFolder="RT-Thread/components/net/lwip/" />
		</Unit>
		<Unit filename="RT-Thread/components/net/lwip/lwip_if.c">
			<Option compilerVar="CC" />
			<Option virtualFolder="RT-Thread/components/net/lwip/" />
		</Unit>
		<Unit filename="RT-Thread/components/net/lwip/lwip_if.h">
			<Option virtualFolder="RT-Thread/components/net/lwip/" />
		</Unit>
		<Unit filename="RT-Thread/components/net/lwip/lwipopts.h">
			<Option virtualFolder="RT-Thread/components/net/lwip/" />
		</Unit>
		<Unit filename="RT-Thread/components/net/lwip/src/api/api_lib.c">
			<Option compilerVar="CC" />
			<Option virtualFolder="RT-Thread/components/net/lwip/src/api/" />
		</Unit>
		<Unit filename="RT-Thread/components/net/lwip/src/api/api_msg.c">
			<Option compilerVar="CC" />
			<Option virtualFolder="RT-Thread/components/net/lwip/src/api/" />
		</Unit>
		<Unit filename="RT-Thread/components/net/lwip/src/api/err.c">
			<Option compilerVar="CC" />
			<Option virtualFolder="RT-Thread/components/net/lwip/src/api/" />
		</Unit>
		<Unit filename="RT-Thread/components/net/lwip/src/api/if_api.c">
			<Option compilerVar="CC" />
			<Option virtualFolder="RT-Thread/components/net/lwip/src/api/" />
		</Unit>
		<Unit filename="RT-Thread/components/net/lwip/src/api/netbuf.c">
			<Option compilerVar="CC" />
			<Option virtualFolder="RT-Thread/components/net/lwip/src/api/" />
		</Unit>
		<Unit filename="RT-Thread/components/net/lwip/src/api/netdb.c">
			<Option compilerVar="CC" />
			<Option virtualFolder="RT-Thread/components/net/lwip/src/api/" />
		</Unit>
		<Unit filename="RT-Thread/components/net/lwip/src/api/netifapi.c">
			<Option compilerVar="CC" />
			<Option virtualFolder="RT-Thread/components/net/lwip/src/api/" />
		</Unit>
		<Unit filename="RT-Thread/components/net/lwip/src/api/sockets.c">
			<Option compilerVar="CC" />
			<Option virtualFolder="RT-Thread/components/net/lwip/src/api/" />
		</Unit>
		<Unit filename="RT-Thread/components/net/lwip/src/api/tcpip.c">
			<Option compilerVar="CC" />
			<Option virtualFolder="RT-Thread/components/net/lwip/src/api/" />
		</Unit>
		<Unit filename="RT-Thread/components/net/lwip/src/arch/include/arch/bpstruct.h">
			<Option virtualFolder="RT-Thread/components/net/lwip/src/arch/" />
		</Unit>
		<Unit filename="RT-Thread/components/net/lwip/src/arch/include/arch/cc.h">
			<Option virtualFolder="RT-Thread/components/net/lwip/src/arch/" />
		</Unit>
		<Unit filename="RT-Thread/components/net/lwip/src/arch/include/arch/epstruct.h">
			<Option virtualFolder="RT-Thread/components/net/lwip/src/arch/" />
		</Unit>
		<Unit filename="RT-Thread/components/net/lwip/src/arch/include/arch/perf.h">
			<Option virtualFolder="RT-Thread/components/net/lwip/src/arch/" />
		</Unit>
		<Unit filename="RT-Thread/components/net/lwip/src/arch/include/arch/sys_arch.h">
			<Option virtualFolder="RT-Thread/components/net/lwip/src/arch/" />
		</Unit>
		<Unit filename="RT-Thread/components/net/lwip/src/arch/sys_arch.c">
			<Option compilerVar="CC" />
			<Option virtualFolder="RT-Thread/components/net/lwip/src/arch/" />
		</Unit>
		<Unit filename="RT-Thread/components/net/lwip/src/core/altcp.c">
			<Option compilerVar="CC" />
			<Option virtualFolder="RT-Thread/components/net/lwip/src/core/" />
		</Unit>
		<Unit filename="RT-Thread/components/net/lwip/src/core/altcp_alloc.c">
			<Option compilerVar="CC" />
			<Option virtualFolder="RT-Thread/components/net/lwip/src/core/" />
		</Unit>
		<Unit filename="RT-Thread/components/net/lwip/src/core/altcp_tcp.c">
			<Option compilerVar="CC" />
			<Option virtualFolder="RT-Thread/components/net/lwip/src/core/" />
		</Unit>
		<Unit filename="RT-Thread/components/net/lwip/src/core/def.c">
			<Option compilerVar="CC" />
			<Option virtualFolder="RT-Thread/components/net/lwip/src/core/" />
		</Unit>
		<Unit filename="RT-Thread/components/net/lwip/src/core/dns.c">
			<Option compilerVar="CC" />
			<Option virtualFolder="RT-Thread/components/net/lwip/src/core/" />
		</Unit>
		<Unit filename="RT-Thread/components/net/lwip/src/core/inet_chksum.c">
			<Option compilerVar="CC" />
			<Option virtualFolder="RT-Thread/components/net/lwip/src/core/" />
		</Unit>
		<Unit filename="RT-Thread/components/net/lwip/src/core/init.c">
			<Option compilerVar="CC" />
			<Option virtualFolder="RT-Thread/components/net/lwip/src/core/" />
		</Unit>
		<Unit filename="RT-Thread/components/net/lwip/src/core/ip.c">
			<Option compilerVar="CC" />
			<Option virtualFolder="RT-Thread/components/net/lwip/src/core/" />
		</Unit>
		<Unit filename="RT-Thread/components/net/lwip/src/core/ipv4/autoip.c">
			<Option compilerVar="CC" />
			<Option virtualFolder="RT-Thread/components/net/lwip/src/core/ipv4/" />
		</Unit>
		<Unit filename="RT-Thread/components/net/lwip/src/core/ipv4/dhcp.c">
			<Option compilerVar="CC" />
			<Option virtualFolder="RT-Thread/components/net/lwip/src/core/ipv4/" />
		</Unit>
		<Unit filename="RT-Thread/components/net/lwip/src/core/ipv4/etharp.c">
			<Option compilerVar="CC" />
			<Option virtualFolder="RT-Thread/components/net/lwip/src/core/ipv4/" />
		</Unit>
		<Unit filename="RT-Thread/components/net/lwip/src/core/ipv4/icmp.c">
			<Option compilerVar="CC" />
			<Option virtualFolder="RT-Thread/components/net/lwip/src/core/ipv4/" />
		</Unit>
		<Unit filename="RT-Thread/components/net/lwip/src/core/ipv4/igmp.c">
			<Option compilerVar="CC" />
			<Option virtualFolder="RT-Thread/components/net/lwip/src/core/ipv4/" />
		</Unit>
		<Unit filename="RT-Thread/components/net/lwip/src/core/ipv4/ip4.c">
			<Option compilerVar="CC" />
			<Option virtualFolder="RT-Thread/components/net/lwip/src/core/ipv4/" />
		</Unit>
		<Unit filename="RT-Thread/components/net/lwip/src/core/ipv4/ip4_addr.c">
			<Option compilerVar="CC" />
			<Option virtualFolder="RT-Thread/components/net/lwip/src/core/ipv4/" />
		</Unit>
		<Unit filename="RT-Thread/components/net/lwip/src/core/ipv4/ip4_frag.c">
			<Option compilerVar="CC" />
			<Option virtualFolder="RT-Thread/components/net/lwip/src/core/ipv4/" />
		</Unit>
		<Unit filename="RT-Thread/components/net/lwip/src/core/ipv6/dhcp6.c">
			<Option compilerVar="CC" />
			<Option virtualFolder="RT-Thread/components/net/lwip/src/core/ipv6/" />
		</Unit>
		<Unit filename="RT-Thread/components/net/lwip/src/core/ipv6/ethip6.c">
			<Option compilerVar="CC" />
			<Option virtualFolder="RT-Thread/components/net/lwip/src/core/ipv6/" />
		</Unit>
		<Unit filename="RT-Thread/components/net/lwip/src/core/ipv6/icmp6.c">
			<Option compilerVar="CC" />
			<Option virtualFolder="RT-Thread/components/net/lwip/src/core/ipv6/" />
		</Unit>
		<Unit filename="RT-Thread/components/net/lwip/src/core/ipv6/inet6.c">
			<Option compilerVar="CC" />
			<Option virtualFolder="RT-Thread/components/net/lwip/src/core/ipv6/" />
		</Unit>
		<Unit filename="RT-Thread/components/net/lwip/src/core/ipv6/ip6.c">
			<Option compilerVar="CC" />
			<Option virtualFolder="RT-Thread/components/net/lwip/src/core/ipv6/" />
		</Unit>
		<Unit filename="RT-Thread/components/net/lwip/src/core/ipv6/ip6_addr.c">
			<Option compilerVar="CC" />
			<Option virtualFolder="RT-Thread/components/net/lwip/src/core/ipv6/" />
		</Unit>
		<Unit filename="RT-Thread/components/net/lwip/src/core/ipv6/ip6_frag.c">
			<Option compilerVar="CC" />
			<Option virtualFolder="RT-Thread/components/net/lwip/src/core/ipv6/" />
		</Unit>
		<Unit filename="RT-Thread/components/net/lwip/src/core/ipv6/mld6.c">
			<Option compilerVar="CC" />
			<Option virtualFolder="RT-Thread/components/net/lwip/src/core/ipv6/" />
		</Unit>
		<Unit filename="RT-Thread/components/net/lwip/src/core/ipv6/nd6.c">
			<Option compilerVar="CC" />
			<Option virtualFolder="RT-Thread/components/net/lwip/src/core/ipv6/" />
		</Unit>
		<Unit filename="RT-Thread/components/net/lwip/src/core/mem.c">
			<Option compilerVar="CC" />
			<Option virtualFolder="RT-Thread/components/net/lwip/src/core/" />
		</Unit>
		<Unit filename="RT-Thread/components/net/lwip/src/core/memp.c">
			<Option compilerVar="CC" />
			<Option virtualFolder="RT-Thread/components/net/lwip/src/core/" />
		</Unit>
		<Unit filename="RT-Thread/components/net/lwip/src/core/netif.c">
			<Option compilerVar="CC" />
			<Option virtualFolder="RT-Thread/components/net/lwip/src/core/" />
		</Unit>
		<Unit filename="RT-Thread/components/net/lwip/src/core/pbuf.c">
			<Option compilerVar="CC" />
			<Option virtualFolder="RT-Thread/components/net/lwip/src/core/" />
		</Unit>
		<Unit filename="RT-Thread/components/net/lwip/src/core/raw.c">
			<Option compilerVar="CC" />
			<Option virtualFolder="RT-Thread/components/net/lwip/src/core/" />
		</Unit>
		<Unit filename="RT-Thread/components/net/lwip/src/core/stats.c">
			<Option compilerVar="CC" />
			<Option virtualFolder="RT-Thread/components/net/lwip/src/core/" />
		</Unit>
		<Unit filename="RT-Thread/components/net/lwip/src/core/sys.c">
			<Option compilerVar="CC" />
			<Option virtualFolder="RT-Thread/components/net/lwip/src/core/" />
		</Unit>
		<Unit filename="RT-Thread/components/net/lwip/src/core/tcp.c">
			<Option compilerVar="CC" />
			<Option virtualFolder="RT-Thread/components/net/lwip/src/core/" />
		</Unit>
		<Unit filename="RT-Thread/components/net/lwip/src/core/tcp_in.c">
			<Option compilerVar="CC" />
			<Option virtualFolder="RT-Thread/components/net/lwip/src/core/" />
		</Unit>
		<Unit filename="RT-Thread/components/net/lwip/src/core/tcp_out.c">
			<Option compilerVar="CC" />
			<Option virtualFolder="RT-Thread/components/net/lwip/src/core/" />
		</Unit>
		<Unit filename="RT-Thread/components/net/lwip/src/core/timeouts.c">
			<Option compilerVar="CC" />
			<Option virtualFolder="RT-Thread/components/net/lwip/src/core/" />
		</Unit>
		<Unit filename="RT-Thread/components/net/lwip/src/core/udp.c">
			<Option compilerVar="CC" />
			<Option virtualFolder="RT-Thread/components/net/lwip/src/core/" />
		</Unit>
		<Unit filename="RT-Thread/components/net/lwip/src/netif/ethernet.c">
			<Option compilerVar="CC" />
			<Option virtualFolder="RT-Thread/components/net/lwip/src/netif/" />
		</Unit>
		<Unit filename="RT-Thread/include/libc/libc_dirent.h">
			<Option virtualFolder="RT-Thread/include/libc/" />
		</Unit>
		<Unit filename="RT-Thread/include/libc/libc_errno.h">
			<Option virtualFolder="RT-Thread/include/libc/" />
		</Unit>
		<Unit filename="RT-Thread/include/libc/libc_fcntl.h">
			<Option virtualFolder="RT-Thread/include/libc/" />
		</Unit>
		<Unit filename="RT-Thread/include/libc/libc_fdset.h">
			<Option virtualFolder="RT-Thread/include/libc/" />
		</Unit>
		<Unit filename="RT-Thread/include/libc/libc_ioctl.h">
			<Option virtualFolder="RT-Thread/include/libc/" />
		</Unit>
		<Unit filename="RT-Thread/include/libc/libc_signal.h">
			<Option virtualFolder="RT-Thread/include/libc/" />
		</Unit>
		<Unit filename="RT-Thread/include/libc/libc_stat.h">
			<Option virtualFolder="RT-Thread/include/libc/" />
		</Unit>
		<Unit filename="RT-Thread/include/rtdbg.h">
			<Option virtualFolder="RT-Thread/include/" />
		</Unit>
		<Unit filename="RT-Thread/include/rtdebug.h">
			<Option virtualFolder="RT-Thread/include/" />
		</Unit>
		<Unit filename="RT-Thread/include/rtdef.h">
			<Option virtualFolder="RT-Thread/include/" />
		</Unit>
		<Unit filename="RT-Thread/include/rthw.h">
			<Option virtualFolder="RT-Thread/include/" />
		</Unit>
		<Unit filename="RT-Thread/include/rtlibc.h">
			<Option virtualFolder="RT-Thread/include/" />
		</Unit>
		<Unit filename="RT-Thread/include/rtm.h">
			<Option virtualFolder="RT-Thread/include/" />
		</Unit>
		<Unit filename="RT-Thread/include/rtservice.h">
			<Option virtualFolder="RT-Thread/include/" />
		</Unit>
		<Unit filename="RT-Thread/include/rtthread.h">
			<Option virtualFolder="RT-Thread/include/" />
		</Unit>
		<Unit filename="RT-Thread/kernel/clock.c">
			<Option compilerVar="CC" />
			<Option virtualFolder="RT-Thread/kernel/" />
		</Unit>
		<Unit filename="RT-Thread/kernel/components.c">
			<Option compilerVar="CC" />
			<Option virtualFolder="RT-Thread/kernel/" />
		</Unit>
		<Unit filename="RT-Thread/kernel/device.c">
			<Option compilerVar="CC" />
			<Option virtualFolder="RT-Thread/kernel/" />
		</Unit>
		<Unit filename="RT-Thread/kernel/idle.c">
			<Option compilerVar="CC" />
			<Option virtualFolder="RT-Thread/kernel/" />
		</Unit>
		<Unit filename="RT-Thread/kernel/ipc.c">
			<Option compilerVar="CC" />
			<Option virtualFolder="RT-Thread/kernel/" />
		</Unit>
		<Unit filename="RT-Thread/kernel/irq.c">
			<Option compilerVar="CC" />
			<Option virtualFolder="RT-Thread/kernel/" />
		</Unit>
		<Unit filename="RT-Thread/kernel/kservice.c">
			<Option compilerVar="CC" />
			<Option virtualFolder="RT-Thread/kernel/" />
		</Unit>
		<Unit filename="RT-Thread/kernel/mem.c">
			<Option compilerVar="CC" />
			<Option virtualFolder="RT-Thread/kernel/" />
		</Unit>
		<Unit filename="RT-Thread/kernel/memheap.c">
			<Option compilerVar="CC" />
			<Option virtualFolder="RT-Thread/kernel/" />
		</Unit>
		<Unit filename="RT-Thread/kernel/mempool.c">
			<Option compilerVar="CC" />
			<Option virtualFolder="RT-Thread/kernel/" />
		</Unit>
		<Unit filename="RT-Thread/kernel/module.c">
			<Option compilerVar="CC" />
			<Option virtualFolder="RT-Thread/kernel/" />
		</Unit>
		<Unit filename="RT-Thread/kernel/module.h">
			<Option virtualFolder="RT-Thread/kernel/" />
		</Unit>
		<Unit filename="RT-Thread/kernel/object.c">
			<Option compilerVar="CC" />
			<Option virtualFolder="RT-Thread/kernel/" />
		</Unit>
		<Unit filename="RT-Thread/kernel/scheduler.c">
			<Option compilerVar="CC" />
			<Option virtualFolder="RT-Thread/kernel/" />
		</Unit>
		<Unit filename="RT-Thread/kernel/signal.c">
			<Option compilerVar="CC" />
			<Option virtualFolder="RT-Thread/kernel/" />
		</Unit>
		<Unit filename="RT-Thread/kernel/slab.c">
			<Option compilerVar="CC" />
			<Option virtualFolder="RT-Thread/kernel/" />
		</Unit>
		<Unit filename="RT-Thread/kernel/thread.c">
			<Option compilerVar="CC" />
			<Option virtualFolder="RT-Thread/kernel/" />
		</Unit>
		<Unit filename="RT-Thread/kernel/timer.c">
			<Option compilerVar="CC" />
			<Option virtualFolder="RT-Thread/kernel/" />
		</Unit>
		<Unit filename="RT-Thread/libcpu/win32/cpu_port.c">
			<Option compilerVar="CC" />
			<Option virtualFolder="RT-Thread/libcpu/" />
		</Unit>
		<Unit filename="RT-Thread/libcpu/win32/cpu_port.h">
			<Option virtualFolder="RT-Thread/libcpu/" />
		</Unit>
		<Unit filename="RT-Thread/packages/music/wav/wav.c">
			<Option compilerVar="CC" />
			<Option virtualFolder="RT-Thread/packages/music/wav/" />
		</Unit>
		<Unit filename="RT-Thread/packages/netutils/ping/ping.c">
			<Option compilerVar="CC" />
			<Option virtualFolder="RT-Thread/packages/netutils/ping/" />
		</Unit>
		<Unit filename="User/DeviceInit.c">
			<Option compilerVar="CC" />
			<Option virtualFolder="User/" />
		</Unit>
		<Unit filename="User/DeviceInit.h">
			<Option virtualFolder="User/" />
		</Unit>
		<Unit filename="User/FileSystemMnt.c">
			<Option compilerVar="CC" />
			<Option virtualFolder="User/" />
		</Unit>
		<Unit filename="User/FileSystemMnt.h">
			<Option virtualFolder="User/" />
		</Unit>
		<Unit filename="User/Main.c">
			<Option compilerVar="CC" />
			<Option virtualFolder="User/" />
		</Unit>
		<Unit filename="User/Main.h">
			<Option virtualFolder="User/" />
		</Unit>
		<Unit filename="User/includes.h">
			<Option virtualFolder="User/" />
		</Unit>
		<Unit filename="User/udp_example.c">
			<Option compilerVar="CC" />
			<Option virtualFolder="User/" />
		</Unit>
		<Extensions>
			<code_completion />
			<envvars />
			<debugger />
		</Extensions>
	</Project>
</CodeBlocks_project_file>
